{
  "version": 4,
  "terraform_version": "0.12.21",
  "serial": 26,
  "lineage": "cfcc7e2f-e72c-8157-64d1-760b75f2d7ec",
  "outputs": {},
  "resources": [
    {
      "module": "module.devinitly-root-terraform-state",
      "mode": "managed",
      "type": "aws_kms_alias",
      "name": "bucket_kms_alias",
      "provider": "provider.aws",
      "instances": [
        {
          "schema_version": 0,
          "attributes": {
            "arn": "arn:aws:kms:us-east-1:134905014910:alias/devinitly-state-bucket",
            "id": "alias/devinitly-state-bucket",
            "name": "alias/devinitly-state-bucket",
            "name_prefix": null,
            "target_key_arn": "arn:aws:kms:us-east-1:134905014910:key/c74310c3-2e22-481f-aaa5-7c62c1344758",
            "target_key_id": "c74310c3-2e22-481f-aaa5-7c62c1344758"
          },
          "private": "bnVsbA==",
          "dependencies": [
            "module.devinitly-root-terraform-state.aws_kms_key.bucket_kms_key"
          ]
        }
      ]
    },
    {
      "module": "module.devinitly-root-terraform-state",
      "mode": "managed",
      "type": "aws_kms_key",
      "name": "bucket_kms_key",
      "provider": "provider.aws",
      "instances": [
        {
          "schema_version": 0,
          "attributes": {
            "arn": "arn:aws:kms:us-east-1:134905014910:key/c74310c3-2e22-481f-aaa5-7c62c1344758",
            "customer_master_key_spec": "SYMMETRIC_DEFAULT",
            "deletion_window_in_days": 7,
            "description": "KMS Key used to encrypt provisioned bucket",
            "enable_key_rotation": false,
            "id": "c74310c3-2e22-481f-aaa5-7c62c1344758",
            "is_enabled": true,
            "key_id": "c74310c3-2e22-481f-aaa5-7c62c1344758",
            "key_usage": "ENCRYPT_DECRYPT",
            "policy": "{\"Id\":\"key-default-1\",\"Statement\":[{\"Action\":\"kms:*\",\"Effect\":\"Allow\",\"Principal\":{\"AWS\":\"arn:aws:iam::134905014910:root\"},\"Resource\":\"*\",\"Sid\":\"Enable IAM User Permissions\"}],\"Version\":\"2012-10-17\"}",
            "tags": {}
          },
          "private": "bnVsbA=="
        }
      ]
    },
    {
      "module": "module.devinitly-root-terraform-state",
      "mode": "managed",
      "type": "aws_s3_bucket",
      "name": "standard_bucket",
      "provider": "provider.aws",
      "instances": [
        {
          "schema_version": 0,
          "attributes": {
            "acceleration_status": "",
            "acl": "private",
            "arn": "arn:aws:s3:::devinitly-state-bucket",
            "bucket": "devinitly-state-bucket",
            "bucket_domain_name": "devinitly-state-bucket.s3.amazonaws.com",
            "bucket_prefix": null,
            "bucket_regional_domain_name": "devinitly-state-bucket.s3.amazonaws.com",
            "cors_rule": [],
            "force_destroy": false,
            "hosted_zone_id": "Z3AQBSTGFYJSTF",
            "id": "devinitly-state-bucket",
            "lifecycle_rule": [],
            "logging": [],
            "object_lock_configuration": [],
            "policy": null,
            "region": "us-east-1",
            "replication_configuration": [],
            "request_payer": "BucketOwner",
            "server_side_encryption_configuration": [
              {
                "rule": [
                  {
                    "apply_server_side_encryption_by_default": [
                      {
                        "kms_master_key_id": "arn:aws:kms:us-east-1:134905014910:key/c74310c3-2e22-481f-aaa5-7c62c1344758",
                        "sse_algorithm": "aws:kms"
                      }
                    ]
                  }
                ]
              }
            ],
            "tags": {
              "Department": "Cloud Engineering",
              "Environment": "root",
              "Name": "devinitly-state-bucket",
              "Project": "portfolio"
            },
            "versioning": [
              {
                "enabled": true,
                "mfa_delete": false
              }
            ],
            "website": [],
            "website_domain": null,
            "website_endpoint": null
          },
          "private": "bnVsbA==",
          "dependencies": [
            "module.devinitly-root-terraform-state.aws_kms_key.bucket_kms_key"
          ]
        }
      ]
    },
    {
      "module": "module.devinitly-root-terraform-state",
      "mode": "managed",
      "type": "aws_s3_bucket_public_access_block",
      "name": "public_access",
      "provider": "provider.aws",
      "instances": [
        {
          "schema_version": 0,
          "attributes": {
            "block_public_acls": true,
            "block_public_policy": true,
            "bucket": "devinitly-state-bucket",
            "id": "devinitly-state-bucket",
            "ignore_public_acls": true,
            "restrict_public_buckets": true
          },
          "private": "bnVsbA==",
          "dependencies": [
            "module.devinitly-root-terraform-state.aws_s3_bucket.standard_bucket"
          ]
        }
      ]
    }
  ]
}
